
Microsoft Visual Studio Solution File, Format Version 11.00
# Visual Studio 2010
Project("{FAE04EC0-301F-11D3-BF4B-00C04F79EFBC}") = "UnitWrappers.NET35", "UnitWrappers\UnitWrappers.NET35.csproj", "{B8DEECE0-6074-47C2-9AF4-123EE324D212}"
EndProject
Project("{FAE04EC0-301F-11D3-BF4B-00C04F79EFBC}") = "UnitWrappers.NET40.Tests", "UnitWrappers.Tests\UnitWrappers.NET40.Tests.csproj", "{977D8BEB-334E-4938-BAE0-CB75698B1255}"
EndProject
Project("{FAE04EC0-301F-11D3-BF4B-00C04F79EFBC}") = "UnitWrappers.NET40.Samples", "UnitWrappers.Samples\UnitWrappers.NET40.Samples.csproj", "{B2CCB1C8-04C8-4D64-B415-70CD5811FF9D}"
EndProject
Project("{2150E333-8FDC-42A3-9474-1A3956D46DE8}") = "Solution Items", "Solution Items", "{E50B9CA0-7AE3-4DBE-9C22-6459DFB0A5E1}"
	ProjectSection(SolutionItems) = preProject
		README = README
	EndProjectSection
EndProject
Project("{FAE04EC0-301F-11D3-BF4B-00C04F79EFBC}") = "UnitWrappers.NET40.CoverageCalculator", "UnitWrappers.CoverageCalculator\UnitWrappers.NET40.CoverageCalculator.csproj", "{6C2A3342-5819-4B49-AD1B-1CE677487281}"
EndProject
Project("{FAE04EC0-301F-11D3-BF4B-00C04F79EFBC}") = "UnitWrappers.NET40", "UnitWrappers\UnitWrappers.NET40.csproj", "{A00B02B8-6875-45D4-910A-0D7C1F0A2311}"
EndProject
Project("{FAE04EC0-301F-11D3-BF4B-00C04F79EFBC}") = "UnitWrappers.Converter", "UnitWrappers.Converter\UnitWrappers.Converter.csproj", "{D482FFEF-D41B-4366-933D-69C18C45DC75}"
EndProject
Project("{FAE04EC0-301F-11D3-BF4B-00C04F79EFBC}") = "WPFWrappers.NET35", "WPFWrappers\WPFWrappers.NET35.csproj", "{1C5FB667-50DF-49AF-8314-25F418E45448}"
EndProject
Project("{FAE04EC0-301F-11D3-BF4B-00C04F79EFBC}") = "WPFWrappers.NET40", "WPFWrappers\WPFWrappers.NET40.csproj", "{633688C2-496A-4BE8-A4FC-935B5657CD16}"
EndProject
Project("{FAE04EC0-301F-11D3-BF4B-00C04F79EFBC}") = "UnitWrappers.NET35.Tests", "UnitWrappers.NET35.Tests\UnitWrappers.NET35.Tests.csproj", "{EE3DA4C9-D40B-40BB-883C-5D9E9D81D55B}"
EndProject
Project("{FAE04EC0-301F-11D3-BF4B-00C04F79EFBC}") = "UnitWrappers.Portable", "UnitWrappers\UnitWrappers.Portable.csproj", "{3E1F1726-BEA8-4CE7-8D3B-50784493C7A8}"
EndProject
Project("{FAE04EC0-301F-11D3-BF4B-00C04F79EFBC}") = "WixWrappers.NET35", "WixWrappers.NET35\WixWrappers.NET35.csproj", "{6877A4EB-B555-44F2-801D-CC35C41DDC5B}"
EndProject
Global
	GlobalSection(SolutionConfigurationPlatforms) = preSolution
		Debug|Any CPU = Debug|Any CPU
		Release|Any CPU = Release|Any CPU
	EndGlobalSection
	GlobalSection(ProjectConfigurationPlatforms) = postSolution
		{B8DEECE0-6074-47C2-9AF4-123EE324D212}.Debug|Any CPU.ActiveCfg = Debug|Any CPU
		{B8DEECE0-6074-47C2-9AF4-123EE324D212}.Debug|Any CPU.Build.0 = Debug|Any CPU
		{B8DEECE0-6074-47C2-9AF4-123EE324D212}.Release|Any CPU.ActiveCfg = Release|Any CPU
		{B8DEECE0-6074-47C2-9AF4-123EE324D212}.Release|Any CPU.Build.0 = Release|Any CPU
		{977D8BEB-334E-4938-BAE0-CB75698B1255}.Debug|Any CPU.ActiveCfg = Debug|Any CPU
		{977D8BEB-334E-4938-BAE0-CB75698B1255}.Debug|Any CPU.Build.0 = Debug|Any CPU
		{977D8BEB-334E-4938-BAE0-CB75698B1255}.Release|Any CPU.ActiveCfg = Release|Any CPU
		{977D8BEB-334E-4938-BAE0-CB75698B1255}.Release|Any CPU.Build.0 = Release|Any CPU
		{B2CCB1C8-04C8-4D64-B415-70CD5811FF9D}.Debug|Any CPU.ActiveCfg = Debug|Any CPU
		{B2CCB1C8-04C8-4D64-B415-70CD5811FF9D}.Debug|Any CPU.Build.0 = Debug|Any CPU
		{B2CCB1C8-04C8-4D64-B415-70CD5811FF9D}.Release|Any CPU.ActiveCfg = Release|Any CPU
		{B2CCB1C8-04C8-4D64-B415-70CD5811FF9D}.Release|Any CPU.Build.0 = Release|Any CPU
		{6C2A3342-5819-4B49-AD1B-1CE677487281}.Debug|Any CPU.ActiveCfg = Debug|Any CPU
		{6C2A3342-5819-4B49-AD1B-1CE677487281}.Debug|Any CPU.Build.0 = Debug|Any CPU
		{6C2A3342-5819-4B49-AD1B-1CE677487281}.Release|Any CPU.ActiveCfg = Release|Any CPU
		{6C2A3342-5819-4B49-AD1B-1CE677487281}.Release|Any CPU.Build.0 = Release|Any CPU
		{A00B02B8-6875-45D4-910A-0D7C1F0A2311}.Debug|Any CPU.ActiveCfg = Debug|Any CPU
		{A00B02B8-6875-45D4-910A-0D7C1F0A2311}.Debug|Any CPU.Build.0 = Debug|Any CPU
		{A00B02B8-6875-45D4-910A-0D7C1F0A2311}.Release|Any CPU.ActiveCfg = Release|Any CPU
		{A00B02B8-6875-45D4-910A-0D7C1F0A2311}.Release|Any CPU.Build.0 = Release|Any CPU
		{D482FFEF-D41B-4366-933D-69C18C45DC75}.Debug|Any CPU.ActiveCfg = Debug|Any CPU
		{D482FFEF-D41B-4366-933D-69C18C45DC75}.Debug|Any CPU.Build.0 = Debug|Any CPU
		{D482FFEF-D41B-4366-933D-69C18C45DC75}.Release|Any CPU.ActiveCfg = Release|Any CPU
		{D482FFEF-D41B-4366-933D-69C18C45DC75}.Release|Any CPU.Build.0 = Release|Any CPU
		{1C5FB667-50DF-49AF-8314-25F418E45448}.Debug|Any CPU.ActiveCfg = Debug|Any CPU
		{1C5FB667-50DF-49AF-8314-25F418E45448}.Debug|Any CPU.Build.0 = Debug|Any CPU
		{1C5FB667-50DF-49AF-8314-25F418E45448}.Release|Any CPU.ActiveCfg = Release|Any CPU
		{1C5FB667-50DF-49AF-8314-25F418E45448}.Release|Any CPU.Build.0 = Release|Any CPU
		{633688C2-496A-4BE8-A4FC-935B5657CD16}.Debug|Any CPU.ActiveCfg = Debug|Any CPU
		{633688C2-496A-4BE8-A4FC-935B5657CD16}.Debug|Any CPU.Build.0 = Debug|Any CPU
		{633688C2-496A-4BE8-A4FC-935B5657CD16}.Release|Any CPU.ActiveCfg = Release|Any CPU
		{633688C2-496A-4BE8-A4FC-935B5657CD16}.Release|Any CPU.Build.0 = Release|Any CPU
		{EE3DA4C9-D40B-40BB-883C-5D9E9D81D55B}.Debug|Any CPU.ActiveCfg = Debug|Any CPU
		{EE3DA4C9-D40B-40BB-883C-5D9E9D81D55B}.Debug|Any CPU.Build.0 = Debug|Any CPU
		{EE3DA4C9-D40B-40BB-883C-5D9E9D81D55B}.Release|Any CPU.ActiveCfg = Release|Any CPU
		{EE3DA4C9-D40B-40BB-883C-5D9E9D81D55B}.Release|Any CPU.Build.0 = Release|Any CPU
		{3E1F1726-BEA8-4CE7-8D3B-50784493C7A8}.Debug|Any CPU.ActiveCfg = Debug|Any CPU
		{3E1F1726-BEA8-4CE7-8D3B-50784493C7A8}.Debug|Any CPU.Build.0 = Debug|Any CPU
		{3E1F1726-BEA8-4CE7-8D3B-50784493C7A8}.Release|Any CPU.ActiveCfg = Release|Any CPU
		{3E1F1726-BEA8-4CE7-8D3B-50784493C7A8}.Release|Any CPU.Build.0 = Release|Any CPU
		{6877A4EB-B555-44F2-801D-CC35C41DDC5B}.Debug|Any CPU.ActiveCfg = Debug|Any CPU
		{6877A4EB-B555-44F2-801D-CC35C41DDC5B}.Debug|Any CPU.Build.0 = Debug|Any CPU
		{6877A4EB-B555-44F2-801D-CC35C41DDC5B}.Release|Any CPU.ActiveCfg = Release|Any CPU
		{6877A4EB-B555-44F2-801D-CC35C41DDC5B}.Release|Any CPU.Build.0 = Release|Any CPU
	EndGlobalSection
	GlobalSection(SolutionProperties) = preSolution
		HideSolutionNode = FALSE
	EndGlobalSection
	GlobalSection(MonoDevelopProperties) = preSolution
		StartupItem = UnitWrappers\UnitWrappers.NET35.csproj
	EndGlobalSection
EndGlobal
