
Microsoft Visual Studio Solution File, Format Version 11.00
# Visual Studio 2010
Project("{FAE04EC0-301F-11D3-BF4B-00C04F79EFBC}") = "UnitWrappers", "UnitWrappers\UnitWrappers.Android.csproj", "{BEDF2C15-DCE6-4F8B-98AD-319E5672689B}"
EndProject
Global
	GlobalSection(SolutionConfigurationPlatforms) = preSolution
		Debug|Any CPU = Debug|Any CPU
		Release|Any CPU = Release|Any CPU
	EndGlobalSection
	GlobalSection(ProjectConfigurationPlatforms) = postSolution
		{BEDF2C15-DCE6-4F8B-98AD-319E5672689B}.Debug|Any CPU.ActiveCfg = Debug|Any CPU
		{BEDF2C15-DCE6-4F8B-98AD-319E5672689B}.Debug|Any CPU.Build.0 = Debug|Any CPU
		{BEDF2C15-DCE6-4F8B-98AD-319E5672689B}.Release|Any CPU.ActiveCfg = Release|Any CPU
		{BEDF2C15-DCE6-4F8B-98AD-319E5672689B}.Release|Any CPU.Build.0 = Release|Any CPU
	EndGlobalSection
	GlobalSection(MonoDevelopProperties) = preSolution
		StartupItem = UnitWrappers\UnitWrappers.Android.csproj
	EndGlobalSection
EndGlobal
