
Microsoft Visual Studio Solution File, Format Version 12.00
# Visual Studio 2013
VisualStudioVersion = 12.0.31101.0
MinimumVisualStudioVersion = 10.0.40219.1
Project("{2150E333-8FDC-42A3-9474-1A3956D46DE8}") = "Solution Items", "Solution Items", "{E50B9CA0-7AE3-4DBE-9C22-6459DFB0A5E1}"
	ProjectSection(SolutionItems) = preProject
		src\AssemblyInfo.Version.cs = src\AssemblyInfo.Version.cs
		README.md = README.md
	EndProjectSection
EndProject
Project("{FAE04EC0-301F-11D3-BF4B-00C04F79EFBC}") = "UnitWrappers.NET35", "src\UnitWrappers\UnitWrappers.NET35.csproj", "{B8DEECE0-6074-47C2-9AF4-123EE324D212}"
EndProject
Project("{FAE04EC0-301F-11D3-BF4B-00C04F79EFBC}") = "UnitWrappers.NET40.Tests", "src\UnitWrappers.Tests\UnitWrappers.NET40.Tests.csproj", "{977D8BEB-334E-4938-BAE0-CB75698B1255}"
EndProject
Project("{FAE04EC0-301F-11D3-BF4B-00C04F79EFBC}") = "UnitWrappers.NET40.Samples", "src\UnitWrappers.Samples\UnitWrappers.NET40.Samples.csproj", "{B2CCB1C8-04C8-4D64-B415-70CD5811FF9D}"
EndProject
Project("{FAE04EC0-301F-11D3-BF4B-00C04F79EFBC}") = "UnitWrappers.NET40.CoverageCalculator", "src\UnitWrappers.CoverageCalculator\UnitWrappers.NET40.CoverageCalculator.csproj", "{6C2A3342-5819-4B49-AD1B-1CE677487281}"
EndProject
Project("{FAE04EC0-301F-11D3-BF4B-00C04F79EFBC}") = "UnitWrappers.NET40", "src\UnitWrappers\UnitWrappers.NET40.csproj", "{A00B02B8-6875-45D4-910A-0D7C1F0A2311}"
EndProject
Project("{FAE04EC0-301F-11D3-BF4B-00C04F79EFBC}") = "UnitWrappers.Converter.NET40", "src\UnitWrappers.Converter\UnitWrappers.Converter.NET40.csproj", "{D482FFEF-D41B-4366-933D-69C18C45DC75}"
EndProject
Project("{FAE04EC0-301F-11D3-BF4B-00C04F79EFBC}") = "WPFWrappers.NET35", "src\WPFWrappers\WPFWrappers.NET35.csproj", "{1C5FB667-50DF-49AF-8314-25F418E45448}"
EndProject
Project("{FAE04EC0-301F-11D3-BF4B-00C04F79EFBC}") = "WPFWrappers.NET40", "src\WPFWrappers\WPFWrappers.NET40.csproj", "{633688C2-496A-4BE8-A4FC-935B5657CD16}"
EndProject
Project("{FAE04EC0-301F-11D3-BF4B-00C04F79EFBC}") = "UnitWrappers.NET35.Tests", "src\UnitWrappers.NET35.Tests\UnitWrappers.NET35.Tests.csproj", "{EE3DA4C9-D40B-40BB-883C-5D9E9D81D55B}"
EndProject
Project("{FAE04EC0-301F-11D3-BF4B-00C04F79EFBC}") = "UnitWrappers.Portable", "src\UnitWrappers\UnitWrappers.Portable.csproj", "{3E1F1726-BEA8-4CE7-8D3B-50784493C7A8}"
EndProject
Project("{FAE04EC0-301F-11D3-BF4B-00C04F79EFBC}") = "WixWrappers.NET35", "src\WixWrappers\WixWrappers.NET35.csproj", "{6877A4EB-B555-44F2-801D-CC35C41DDC5B}"
EndProject
Project("{FAE04EC0-301F-11D3-BF4B-00C04F79EFBC}") = "UnitWrappers.Helpers.NET40.Tests", "src\UnitWrappers.Helpers.Tests\UnitWrappers.Helpers.NET40.Tests.csproj", "{24E679B7-CB93-423F-B7FF-DAC9F6BA4731}"
EndProject
Project("{FAE04EC0-301F-11D3-BF4B-00C04F79EFBC}") = "UnitWrappers.Helpers.NET40", "src\UnitWrappers.Helpers\UnitWrappers.Helpers.NET40.csproj", "{7CB465FF-ED6C-4171-9AA6-4BB23F08DE8C}"
EndProject
Project("{FAE04EC0-301F-11D3-BF4B-00C04F79EFBC}") = "UnitWrappers.PerformanceTests.NET40", "src\UnitWrappers.PerfromanceTests\UnitWrappers.PerformanceTests.NET40.csproj", "{96338A4C-8725-4EB9-8091-786ACCDA301D}"
EndProject
Project("{FAE04EC0-301F-11D3-BF4B-00C04F79EFBC}") = "UnitWrappers.ServiceModel.NET40", "src\UnitWrappers.ServiceModel\UnitWrappers.ServiceModel.NET40.csproj", "{619D75EA-83DF-40C0-AFC2-2C21335AD3AA}"
EndProject
Project("{FAE04EC0-301F-11D3-BF4B-00C04F79EFBC}") = "UnitWrappers.Wraperizer", "src\UnitWrappers.Wraperizer\UnitWrappers.Wraperizer.csproj", "{380A11C6-A794-4CC8-A217-4620E7A27780}"
EndProject
Project("{FAE04EC0-301F-11D3-BF4B-00C04F79EFBC}") = "UnitWrappers.Core.NET40", "src\UnitWrappers.Core\UnitWrappers.Core.NET40.csproj", "{5B248C46-4BBC-4A1B-8737-C9E9EC19E2A3}"
EndProject
Project("{FAE04EC0-301F-11D3-BF4B-00C04F79EFBC}") = "UnitWrappers.Android", "src\UnitWrappers\UnitWrappers.Android.csproj", "{BEDF2C15-DCE6-4F8B-98AD-319E5672689B}"
EndProject
Project("{FAE04EC0-301F-11D3-BF4B-00C04F79EFBC}") = "UnitWrappers.Mono", "src\UnitWrappers\UnitWrappers.Mono.csproj", "{F4634152-9E51-47A8-B1A1-AAF34F551633}"
EndProject
Project("{FAE04EC0-301F-11D3-BF4B-00C04F79EFBC}") = "UnitWrappers.Core.NET35", "src\UnitWrappers.Core\UnitWrappers.Core.NET35.csproj", "{57A2E87D-1A7C-4E37-9CBD-EE43A35B2E07}"
EndProject
Project("{FAE04EC0-301F-11D3-BF4B-00C04F79EFBC}") = "UnitWrappers.Core.Portable", "src\UnitWrappers.Core\UnitWrappers.Core.Portable.csproj", "{FC1F794F-C7F5-411C-B0B7-B0CE05B8A338}"
EndProject
Project("{FAE04EC0-301F-11D3-BF4B-00C04F79EFBC}") = "UnitWrappers.AlphaFS.NET40", "src\UnitWrappers.AlphaFS\UnitWrappers.AlphaFS.NET40.csproj", "{5D3F82E3-511E-496A-A72F-F6540CF3A6CC}"
EndProject
Project("{FAE04EC0-301F-11D3-BF4B-00C04F79EFBC}") = "UnitWrappers.Threading.Tasks.NET45", "src\UnitWrappers.Threading.Tasks\UnitWrappers.Threading.Tasks.NET45.csproj", "{38494EA6-C86C-4877-9C83-CF8A2497D5D1}"
EndProject
Project("{FAE04EC0-301F-11D3-BF4B-00C04F79EFBC}") = "UnitWrappers.NET45", "src\UnitWrappers\UnitWrappers.NET45.csproj", "{9AE27237-4217-4F25-96D5-0635EC63AF17}"
EndProject
Project("{FAE04EC0-301F-11D3-BF4B-00C04F79EFBC}") = "UnitWrappers.Core.Mono", "src\UnitWrappers.Core\UnitWrappers.Core.Mono.csproj", "{B380DE8F-D80B-4BEA-BC6F-1979C40E144E}"
EndProject
Project("{FAE04EC0-301F-11D3-BF4B-00C04F79EFBC}") = "UnitWrappers.Core.NET46", "src\UnitWrappers.Core\UnitWrappers.Core.NET46.csproj", "{19BAC89A-C059-407E-A125-E3CFEA904E0E}"
EndProject
Project("{FAE04EC0-301F-11D3-BF4B-00C04F79EFBC}") = "UnitWrappers.Research.Reflection", "src\UnitWrappers.Research.Reflection\UnitWrappers.Research.Reflection.csproj", "{FE6D870B-53DA-4A4A-8BCC-6074A03A758C}"
EndProject
Project("{FAE04EC0-301F-11D3-BF4B-00C04F79EFBC}") = "UnitWrappers.Research.Reflection.Portable", "src\UnitWrappers.Research.Reflection.Portable\UnitWrappers.Research.Reflection.Portable.csproj", "{8BC51DFF-3EE3-446D-95C6-0B33A8F21705}"
EndProject
Project("{2150E333-8FDC-42A3-9474-1A3956D46DE8}") = "Core", "Core", "{89247DDA-31ED-436F-8F1B-8B87875B4460}"
EndProject
Project("{2150E333-8FDC-42A3-9474-1A3956D46DE8}") = "Tools", "Tools", "{0E6A9F74-EBA0-46A0-8062-5380564ED640}"
EndProject
Project("{2150E333-8FDC-42A3-9474-1A3956D46DE8}") = "Tests", "Tests", "{ACEAB884-0CF7-4796-8742-8C9445A9413A}"
EndProject
Project("{2150E333-8FDC-42A3-9474-1A3956D46DE8}") = "Implementations", "Implementations", "{7E168389-F0CF-49E1-810E-CE8DF02A3C94}"
EndProject
Project("{2150E333-8FDC-42A3-9474-1A3956D46DE8}") = "Other", "Other", "{013FBB0C-13BC-47F9-8B6B-873BC3FF9195}"
EndProject
Global
	GlobalSection(SolutionConfigurationPlatforms) = preSolution
		Debug|Any CPU = Debug|Any CPU
		Debug|x86 = Debug|x86
		Release|Any CPU = Release|Any CPU
		Release|x86 = Release|x86
	EndGlobalSection
	GlobalSection(ProjectConfigurationPlatforms) = postSolution
		{B8DEECE0-6074-47C2-9AF4-123EE324D212}.Debug|Any CPU.ActiveCfg = Debug|Any CPU
		{B8DEECE0-6074-47C2-9AF4-123EE324D212}.Debug|Any CPU.Build.0 = Debug|Any CPU
		{B8DEECE0-6074-47C2-9AF4-123EE324D212}.Debug|x86.ActiveCfg = Debug|Any CPU
		{B8DEECE0-6074-47C2-9AF4-123EE324D212}.Release|Any CPU.ActiveCfg = Release|Any CPU
		{B8DEECE0-6074-47C2-9AF4-123EE324D212}.Release|Any CPU.Build.0 = Release|Any CPU
		{B8DEECE0-6074-47C2-9AF4-123EE324D212}.Release|x86.ActiveCfg = Release|Any CPU
		{977D8BEB-334E-4938-BAE0-CB75698B1255}.Debug|Any CPU.ActiveCfg = Debug|Any CPU
		{977D8BEB-334E-4938-BAE0-CB75698B1255}.Debug|Any CPU.Build.0 = Debug|Any CPU
		{977D8BEB-334E-4938-BAE0-CB75698B1255}.Debug|x86.ActiveCfg = Debug|Any CPU
		{977D8BEB-334E-4938-BAE0-CB75698B1255}.Release|Any CPU.ActiveCfg = Release|Any CPU
		{977D8BEB-334E-4938-BAE0-CB75698B1255}.Release|Any CPU.Build.0 = Release|Any CPU
		{977D8BEB-334E-4938-BAE0-CB75698B1255}.Release|x86.ActiveCfg = Release|Any CPU
		{B2CCB1C8-04C8-4D64-B415-70CD5811FF9D}.Debug|Any CPU.ActiveCfg = Debug|Any CPU
		{B2CCB1C8-04C8-4D64-B415-70CD5811FF9D}.Debug|Any CPU.Build.0 = Debug|Any CPU
		{B2CCB1C8-04C8-4D64-B415-70CD5811FF9D}.Debug|x86.ActiveCfg = Debug|Any CPU
		{B2CCB1C8-04C8-4D64-B415-70CD5811FF9D}.Release|Any CPU.ActiveCfg = Release|Any CPU
		{B2CCB1C8-04C8-4D64-B415-70CD5811FF9D}.Release|Any CPU.Build.0 = Release|Any CPU
		{B2CCB1C8-04C8-4D64-B415-70CD5811FF9D}.Release|x86.ActiveCfg = Release|Any CPU
		{6C2A3342-5819-4B49-AD1B-1CE677487281}.Debug|Any CPU.ActiveCfg = Debug|Any CPU
		{6C2A3342-5819-4B49-AD1B-1CE677487281}.Debug|Any CPU.Build.0 = Debug|Any CPU
		{6C2A3342-5819-4B49-AD1B-1CE677487281}.Debug|x86.ActiveCfg = Debug|x86
		{6C2A3342-5819-4B49-AD1B-1CE677487281}.Debug|x86.Build.0 = Debug|x86
		{6C2A3342-5819-4B49-AD1B-1CE677487281}.Release|Any CPU.ActiveCfg = Release|Any CPU
		{6C2A3342-5819-4B49-AD1B-1CE677487281}.Release|Any CPU.Build.0 = Release|Any CPU
		{6C2A3342-5819-4B49-AD1B-1CE677487281}.Release|x86.ActiveCfg = Release|x86
		{6C2A3342-5819-4B49-AD1B-1CE677487281}.Release|x86.Build.0 = Release|x86
		{A00B02B8-6875-45D4-910A-0D7C1F0A2311}.Debug|Any CPU.ActiveCfg = Debug|Any CPU
		{A00B02B8-6875-45D4-910A-0D7C1F0A2311}.Debug|Any CPU.Build.0 = Debug|Any CPU
		{A00B02B8-6875-45D4-910A-0D7C1F0A2311}.Debug|x86.ActiveCfg = Debug|Any CPU
		{A00B02B8-6875-45D4-910A-0D7C1F0A2311}.Release|Any CPU.ActiveCfg = Release|Any CPU
		{A00B02B8-6875-45D4-910A-0D7C1F0A2311}.Release|Any CPU.Build.0 = Release|Any CPU
		{A00B02B8-6875-45D4-910A-0D7C1F0A2311}.Release|x86.ActiveCfg = Release|Any CPU
		{D482FFEF-D41B-4366-933D-69C18C45DC75}.Debug|Any CPU.ActiveCfg = Debug|Any CPU
		{D482FFEF-D41B-4366-933D-69C18C45DC75}.Debug|Any CPU.Build.0 = Debug|Any CPU
		{D482FFEF-D41B-4366-933D-69C18C45DC75}.Debug|x86.ActiveCfg = Debug|x86
		{D482FFEF-D41B-4366-933D-69C18C45DC75}.Debug|x86.Build.0 = Debug|x86
		{D482FFEF-D41B-4366-933D-69C18C45DC75}.Release|Any CPU.ActiveCfg = Release|Any CPU
		{D482FFEF-D41B-4366-933D-69C18C45DC75}.Release|Any CPU.Build.0 = Release|Any CPU
		{D482FFEF-D41B-4366-933D-69C18C45DC75}.Release|x86.ActiveCfg = Release|x86
		{D482FFEF-D41B-4366-933D-69C18C45DC75}.Release|x86.Build.0 = Release|x86
		{1C5FB667-50DF-49AF-8314-25F418E45448}.Debug|Any CPU.ActiveCfg = Debug|Any CPU
		{1C5FB667-50DF-49AF-8314-25F418E45448}.Debug|Any CPU.Build.0 = Debug|Any CPU
		{1C5FB667-50DF-49AF-8314-25F418E45448}.Debug|x86.ActiveCfg = Debug|Any CPU
		{1C5FB667-50DF-49AF-8314-25F418E45448}.Release|Any CPU.ActiveCfg = Release|Any CPU
		{1C5FB667-50DF-49AF-8314-25F418E45448}.Release|Any CPU.Build.0 = Release|Any CPU
		{1C5FB667-50DF-49AF-8314-25F418E45448}.Release|x86.ActiveCfg = Release|Any CPU
		{633688C2-496A-4BE8-A4FC-935B5657CD16}.Debug|Any CPU.ActiveCfg = Debug|Any CPU
		{633688C2-496A-4BE8-A4FC-935B5657CD16}.Debug|Any CPU.Build.0 = Debug|Any CPU
		{633688C2-496A-4BE8-A4FC-935B5657CD16}.Debug|x86.ActiveCfg = Debug|Any CPU
		{633688C2-496A-4BE8-A4FC-935B5657CD16}.Release|Any CPU.ActiveCfg = Release|Any CPU
		{633688C2-496A-4BE8-A4FC-935B5657CD16}.Release|Any CPU.Build.0 = Release|Any CPU
		{633688C2-496A-4BE8-A4FC-935B5657CD16}.Release|x86.ActiveCfg = Release|Any CPU
		{EE3DA4C9-D40B-40BB-883C-5D9E9D81D55B}.Debug|Any CPU.ActiveCfg = Debug|Any CPU
		{EE3DA4C9-D40B-40BB-883C-5D9E9D81D55B}.Debug|Any CPU.Build.0 = Debug|Any CPU
		{EE3DA4C9-D40B-40BB-883C-5D9E9D81D55B}.Debug|x86.ActiveCfg = Debug|Any CPU
		{EE3DA4C9-D40B-40BB-883C-5D9E9D81D55B}.Release|Any CPU.ActiveCfg = Release|Any CPU
		{EE3DA4C9-D40B-40BB-883C-5D9E9D81D55B}.Release|Any CPU.Build.0 = Release|Any CPU
		{EE3DA4C9-D40B-40BB-883C-5D9E9D81D55B}.Release|x86.ActiveCfg = Release|Any CPU
		{3E1F1726-BEA8-4CE7-8D3B-50784493C7A8}.Debug|Any CPU.ActiveCfg = Debug|Any CPU
		{3E1F1726-BEA8-4CE7-8D3B-50784493C7A8}.Debug|Any CPU.Build.0 = Debug|Any CPU
		{3E1F1726-BEA8-4CE7-8D3B-50784493C7A8}.Debug|x86.ActiveCfg = Debug|Any CPU
		{3E1F1726-BEA8-4CE7-8D3B-50784493C7A8}.Release|Any CPU.ActiveCfg = Release|Any CPU
		{3E1F1726-BEA8-4CE7-8D3B-50784493C7A8}.Release|Any CPU.Build.0 = Release|Any CPU
		{3E1F1726-BEA8-4CE7-8D3B-50784493C7A8}.Release|x86.ActiveCfg = Release|Any CPU
		{6877A4EB-B555-44F2-801D-CC35C41DDC5B}.Debug|Any CPU.ActiveCfg = Debug|Any CPU
		{6877A4EB-B555-44F2-801D-CC35C41DDC5B}.Debug|Any CPU.Build.0 = Debug|Any CPU
		{6877A4EB-B555-44F2-801D-CC35C41DDC5B}.Debug|x86.ActiveCfg = Debug|Any CPU
		{6877A4EB-B555-44F2-801D-CC35C41DDC5B}.Release|Any CPU.ActiveCfg = Release|Any CPU
		{6877A4EB-B555-44F2-801D-CC35C41DDC5B}.Release|Any CPU.Build.0 = Release|Any CPU
		{6877A4EB-B555-44F2-801D-CC35C41DDC5B}.Release|x86.ActiveCfg = Release|Any CPU
		{24E679B7-CB93-423F-B7FF-DAC9F6BA4731}.Debug|Any CPU.ActiveCfg = Debug|Any CPU
		{24E679B7-CB93-423F-B7FF-DAC9F6BA4731}.Debug|Any CPU.Build.0 = Debug|Any CPU
		{24E679B7-CB93-423F-B7FF-DAC9F6BA4731}.Debug|x86.ActiveCfg = Debug|Any CPU
		{24E679B7-CB93-423F-B7FF-DAC9F6BA4731}.Release|Any CPU.ActiveCfg = Release|Any CPU
		{24E679B7-CB93-423F-B7FF-DAC9F6BA4731}.Release|Any CPU.Build.0 = Release|Any CPU
		{24E679B7-CB93-423F-B7FF-DAC9F6BA4731}.Release|x86.ActiveCfg = Release|Any CPU
		{7CB465FF-ED6C-4171-9AA6-4BB23F08DE8C}.Debug|Any CPU.ActiveCfg = Debug|Any CPU
		{7CB465FF-ED6C-4171-9AA6-4BB23F08DE8C}.Debug|Any CPU.Build.0 = Debug|Any CPU
		{7CB465FF-ED6C-4171-9AA6-4BB23F08DE8C}.Debug|x86.ActiveCfg = Debug|Any CPU
		{7CB465FF-ED6C-4171-9AA6-4BB23F08DE8C}.Release|Any CPU.ActiveCfg = Release|Any CPU
		{7CB465FF-ED6C-4171-9AA6-4BB23F08DE8C}.Release|Any CPU.Build.0 = Release|Any CPU
		{7CB465FF-ED6C-4171-9AA6-4BB23F08DE8C}.Release|x86.ActiveCfg = Release|Any CPU
		{96338A4C-8725-4EB9-8091-786ACCDA301D}.Debug|Any CPU.ActiveCfg = Debug|Any CPU
		{96338A4C-8725-4EB9-8091-786ACCDA301D}.Debug|Any CPU.Build.0 = Debug|Any CPU
		{96338A4C-8725-4EB9-8091-786ACCDA301D}.Debug|x86.ActiveCfg = Debug|Any CPU
		{96338A4C-8725-4EB9-8091-786ACCDA301D}.Release|Any CPU.ActiveCfg = Release|Any CPU
		{96338A4C-8725-4EB9-8091-786ACCDA301D}.Release|Any CPU.Build.0 = Release|Any CPU
		{96338A4C-8725-4EB9-8091-786ACCDA301D}.Release|x86.ActiveCfg = Release|Any CPU
		{619D75EA-83DF-40C0-AFC2-2C21335AD3AA}.Debug|Any CPU.ActiveCfg = Debug|Any CPU
		{619D75EA-83DF-40C0-AFC2-2C21335AD3AA}.Debug|Any CPU.Build.0 = Debug|Any CPU
		{619D75EA-83DF-40C0-AFC2-2C21335AD3AA}.Debug|x86.ActiveCfg = Debug|Any CPU
		{619D75EA-83DF-40C0-AFC2-2C21335AD3AA}.Release|Any CPU.ActiveCfg = Release|Any CPU
		{619D75EA-83DF-40C0-AFC2-2C21335AD3AA}.Release|Any CPU.Build.0 = Release|Any CPU
		{619D75EA-83DF-40C0-AFC2-2C21335AD3AA}.Release|x86.ActiveCfg = Release|Any CPU
		{380A11C6-A794-4CC8-A217-4620E7A27780}.Debug|Any CPU.ActiveCfg = Debug|Any CPU
		{380A11C6-A794-4CC8-A217-4620E7A27780}.Debug|Any CPU.Build.0 = Debug|Any CPU
		{380A11C6-A794-4CC8-A217-4620E7A27780}.Debug|x86.ActiveCfg = Debug|Any CPU
		{380A11C6-A794-4CC8-A217-4620E7A27780}.Release|Any CPU.ActiveCfg = Release|Any CPU
		{380A11C6-A794-4CC8-A217-4620E7A27780}.Release|Any CPU.Build.0 = Release|Any CPU
		{380A11C6-A794-4CC8-A217-4620E7A27780}.Release|x86.ActiveCfg = Release|Any CPU
		{5B248C46-4BBC-4A1B-8737-C9E9EC19E2A3}.Debug|Any CPU.ActiveCfg = Debug|Any CPU
		{5B248C46-4BBC-4A1B-8737-C9E9EC19E2A3}.Debug|Any CPU.Build.0 = Debug|Any CPU
		{5B248C46-4BBC-4A1B-8737-C9E9EC19E2A3}.Debug|x86.ActiveCfg = Debug|Any CPU
		{5B248C46-4BBC-4A1B-8737-C9E9EC19E2A3}.Release|Any CPU.ActiveCfg = Release|Any CPU
		{5B248C46-4BBC-4A1B-8737-C9E9EC19E2A3}.Release|Any CPU.Build.0 = Release|Any CPU
		{5B248C46-4BBC-4A1B-8737-C9E9EC19E2A3}.Release|x86.ActiveCfg = Release|Any CPU
		{BEDF2C15-DCE6-4F8B-98AD-319E5672689B}.Debug|Any CPU.ActiveCfg = Debug|Any CPU
		{BEDF2C15-DCE6-4F8B-98AD-319E5672689B}.Debug|Any CPU.Build.0 = Debug|Any CPU
		{BEDF2C15-DCE6-4F8B-98AD-319E5672689B}.Debug|x86.ActiveCfg = Debug|Any CPU
		{BEDF2C15-DCE6-4F8B-98AD-319E5672689B}.Release|Any CPU.ActiveCfg = Release|Any CPU
		{BEDF2C15-DCE6-4F8B-98AD-319E5672689B}.Release|Any CPU.Build.0 = Release|Any CPU
		{BEDF2C15-DCE6-4F8B-98AD-319E5672689B}.Release|x86.ActiveCfg = Release|Any CPU
		{F4634152-9E51-47A8-B1A1-AAF34F551633}.Debug|Any CPU.ActiveCfg = Debug|Any CPU
		{F4634152-9E51-47A8-B1A1-AAF34F551633}.Debug|Any CPU.Build.0 = Debug|Any CPU
		{F4634152-9E51-47A8-B1A1-AAF34F551633}.Debug|x86.ActiveCfg = Debug|Any CPU
		{F4634152-9E51-47A8-B1A1-AAF34F551633}.Release|Any CPU.ActiveCfg = Release|Any CPU
		{F4634152-9E51-47A8-B1A1-AAF34F551633}.Release|Any CPU.Build.0 = Release|Any CPU
		{F4634152-9E51-47A8-B1A1-AAF34F551633}.Release|x86.ActiveCfg = Release|Any CPU
		{57A2E87D-1A7C-4E37-9CBD-EE43A35B2E07}.Debug|Any CPU.ActiveCfg = Debug|Any CPU
		{57A2E87D-1A7C-4E37-9CBD-EE43A35B2E07}.Debug|Any CPU.Build.0 = Debug|Any CPU
		{57A2E87D-1A7C-4E37-9CBD-EE43A35B2E07}.Debug|x86.ActiveCfg = Debug|Any CPU
		{57A2E87D-1A7C-4E37-9CBD-EE43A35B2E07}.Release|Any CPU.ActiveCfg = Release|Any CPU
		{57A2E87D-1A7C-4E37-9CBD-EE43A35B2E07}.Release|Any CPU.Build.0 = Release|Any CPU
		{57A2E87D-1A7C-4E37-9CBD-EE43A35B2E07}.Release|x86.ActiveCfg = Release|Any CPU
		{FC1F794F-C7F5-411C-B0B7-B0CE05B8A338}.Debug|Any CPU.ActiveCfg = Debug|Any CPU
		{FC1F794F-C7F5-411C-B0B7-B0CE05B8A338}.Debug|Any CPU.Build.0 = Debug|Any CPU
		{FC1F794F-C7F5-411C-B0B7-B0CE05B8A338}.Debug|x86.ActiveCfg = Debug|Any CPU
		{FC1F794F-C7F5-411C-B0B7-B0CE05B8A338}.Release|Any CPU.ActiveCfg = Release|Any CPU
		{FC1F794F-C7F5-411C-B0B7-B0CE05B8A338}.Release|Any CPU.Build.0 = Release|Any CPU
		{FC1F794F-C7F5-411C-B0B7-B0CE05B8A338}.Release|x86.ActiveCfg = Release|Any CPU
		{5D3F82E3-511E-496A-A72F-F6540CF3A6CC}.Debug|Any CPU.ActiveCfg = Debug|Any CPU
		{5D3F82E3-511E-496A-A72F-F6540CF3A6CC}.Debug|Any CPU.Build.0 = Debug|Any CPU
		{5D3F82E3-511E-496A-A72F-F6540CF3A6CC}.Debug|x86.ActiveCfg = Debug|Any CPU
		{5D3F82E3-511E-496A-A72F-F6540CF3A6CC}.Release|Any CPU.ActiveCfg = Release|Any CPU
		{5D3F82E3-511E-496A-A72F-F6540CF3A6CC}.Release|Any CPU.Build.0 = Release|Any CPU
		{5D3F82E3-511E-496A-A72F-F6540CF3A6CC}.Release|x86.ActiveCfg = Release|Any CPU
		{38494EA6-C86C-4877-9C83-CF8A2497D5D1}.Debug|Any CPU.ActiveCfg = Debug|Any CPU
		{38494EA6-C86C-4877-9C83-CF8A2497D5D1}.Debug|Any CPU.Build.0 = Debug|Any CPU
		{38494EA6-C86C-4877-9C83-CF8A2497D5D1}.Debug|x86.ActiveCfg = Debug|Any CPU
		{38494EA6-C86C-4877-9C83-CF8A2497D5D1}.Release|Any CPU.ActiveCfg = Release|Any CPU
		{38494EA6-C86C-4877-9C83-CF8A2497D5D1}.Release|Any CPU.Build.0 = Release|Any CPU
		{38494EA6-C86C-4877-9C83-CF8A2497D5D1}.Release|x86.ActiveCfg = Release|Any CPU
		{9AE27237-4217-4F25-96D5-0635EC63AF17}.Debug|Any CPU.ActiveCfg = Debug|Any CPU
		{9AE27237-4217-4F25-96D5-0635EC63AF17}.Debug|Any CPU.Build.0 = Debug|Any CPU
		{9AE27237-4217-4F25-96D5-0635EC63AF17}.Debug|x86.ActiveCfg = Debug|Any CPU
		{9AE27237-4217-4F25-96D5-0635EC63AF17}.Release|Any CPU.ActiveCfg = Release|Any CPU
		{9AE27237-4217-4F25-96D5-0635EC63AF17}.Release|Any CPU.Build.0 = Release|Any CPU
		{9AE27237-4217-4F25-96D5-0635EC63AF17}.Release|x86.ActiveCfg = Release|Any CPU
		{B380DE8F-D80B-4BEA-BC6F-1979C40E144E}.Debug|Any CPU.ActiveCfg = Debug|Any CPU
		{B380DE8F-D80B-4BEA-BC6F-1979C40E144E}.Debug|Any CPU.Build.0 = Debug|Any CPU
		{B380DE8F-D80B-4BEA-BC6F-1979C40E144E}.Debug|x86.ActiveCfg = Debug|Any CPU
		{B380DE8F-D80B-4BEA-BC6F-1979C40E144E}.Release|Any CPU.ActiveCfg = Release|Any CPU
		{B380DE8F-D80B-4BEA-BC6F-1979C40E144E}.Release|Any CPU.Build.0 = Release|Any CPU
		{B380DE8F-D80B-4BEA-BC6F-1979C40E144E}.Release|x86.ActiveCfg = Release|Any CPU
		{19BAC89A-C059-407E-A125-E3CFEA904E0E}.Debug|Any CPU.ActiveCfg = Debug|Any CPU
		{19BAC89A-C059-407E-A125-E3CFEA904E0E}.Debug|Any CPU.Build.0 = Debug|Any CPU
		{19BAC89A-C059-407E-A125-E3CFEA904E0E}.Debug|x86.ActiveCfg = Debug|Any CPU
		{19BAC89A-C059-407E-A125-E3CFEA904E0E}.Release|Any CPU.ActiveCfg = Release|Any CPU
		{19BAC89A-C059-407E-A125-E3CFEA904E0E}.Release|Any CPU.Build.0 = Release|Any CPU
		{19BAC89A-C059-407E-A125-E3CFEA904E0E}.Release|x86.ActiveCfg = Release|Any CPU
		{FE6D870B-53DA-4A4A-8BCC-6074A03A758C}.Debug|Any CPU.ActiveCfg = Debug|Any CPU
		{FE6D870B-53DA-4A4A-8BCC-6074A03A758C}.Debug|Any CPU.Build.0 = Debug|Any CPU
		{FE6D870B-53DA-4A4A-8BCC-6074A03A758C}.Debug|x86.ActiveCfg = Debug|Any CPU
		{FE6D870B-53DA-4A4A-8BCC-6074A03A758C}.Release|Any CPU.ActiveCfg = Release|Any CPU
		{FE6D870B-53DA-4A4A-8BCC-6074A03A758C}.Release|Any CPU.Build.0 = Release|Any CPU
		{FE6D870B-53DA-4A4A-8BCC-6074A03A758C}.Release|x86.ActiveCfg = Release|Any CPU
		{8BC51DFF-3EE3-446D-95C6-0B33A8F21705}.Debug|Any CPU.ActiveCfg = Debug|Any CPU
		{8BC51DFF-3EE3-446D-95C6-0B33A8F21705}.Debug|Any CPU.Build.0 = Debug|Any CPU
		{8BC51DFF-3EE3-446D-95C6-0B33A8F21705}.Debug|x86.ActiveCfg = Debug|Any CPU
		{8BC51DFF-3EE3-446D-95C6-0B33A8F21705}.Release|Any CPU.ActiveCfg = Release|Any CPU
		{8BC51DFF-3EE3-446D-95C6-0B33A8F21705}.Release|Any CPU.Build.0 = Release|Any CPU
		{8BC51DFF-3EE3-446D-95C6-0B33A8F21705}.Release|x86.ActiveCfg = Release|Any CPU
	EndGlobalSection
	GlobalSection(SolutionProperties) = preSolution
		HideSolutionNode = FALSE
	EndGlobalSection
	GlobalSection(NestedProjects) = preSolution
		{B8DEECE0-6074-47C2-9AF4-123EE324D212} = {7E168389-F0CF-49E1-810E-CE8DF02A3C94}
		{977D8BEB-334E-4938-BAE0-CB75698B1255} = {ACEAB884-0CF7-4796-8742-8C9445A9413A}
		{B2CCB1C8-04C8-4D64-B415-70CD5811FF9D} = {ACEAB884-0CF7-4796-8742-8C9445A9413A}
		{6C2A3342-5819-4B49-AD1B-1CE677487281} = {0E6A9F74-EBA0-46A0-8062-5380564ED640}
		{A00B02B8-6875-45D4-910A-0D7C1F0A2311} = {7E168389-F0CF-49E1-810E-CE8DF02A3C94}
		{D482FFEF-D41B-4366-933D-69C18C45DC75} = {0E6A9F74-EBA0-46A0-8062-5380564ED640}
		{1C5FB667-50DF-49AF-8314-25F418E45448} = {013FBB0C-13BC-47F9-8B6B-873BC3FF9195}
		{633688C2-496A-4BE8-A4FC-935B5657CD16} = {013FBB0C-13BC-47F9-8B6B-873BC3FF9195}
		{EE3DA4C9-D40B-40BB-883C-5D9E9D81D55B} = {ACEAB884-0CF7-4796-8742-8C9445A9413A}
		{3E1F1726-BEA8-4CE7-8D3B-50784493C7A8} = {7E168389-F0CF-49E1-810E-CE8DF02A3C94}
		{6877A4EB-B555-44F2-801D-CC35C41DDC5B} = {013FBB0C-13BC-47F9-8B6B-873BC3FF9195}
		{24E679B7-CB93-423F-B7FF-DAC9F6BA4731} = {013FBB0C-13BC-47F9-8B6B-873BC3FF9195}
		{7CB465FF-ED6C-4171-9AA6-4BB23F08DE8C} = {013FBB0C-13BC-47F9-8B6B-873BC3FF9195}
		{96338A4C-8725-4EB9-8091-786ACCDA301D} = {ACEAB884-0CF7-4796-8742-8C9445A9413A}
		{619D75EA-83DF-40C0-AFC2-2C21335AD3AA} = {013FBB0C-13BC-47F9-8B6B-873BC3FF9195}
		{380A11C6-A794-4CC8-A217-4620E7A27780} = {0E6A9F74-EBA0-46A0-8062-5380564ED640}
		{5B248C46-4BBC-4A1B-8737-C9E9EC19E2A3} = {89247DDA-31ED-436F-8F1B-8B87875B4460}
		{BEDF2C15-DCE6-4F8B-98AD-319E5672689B} = {7E168389-F0CF-49E1-810E-CE8DF02A3C94}
		{F4634152-9E51-47A8-B1A1-AAF34F551633} = {7E168389-F0CF-49E1-810E-CE8DF02A3C94}
		{57A2E87D-1A7C-4E37-9CBD-EE43A35B2E07} = {89247DDA-31ED-436F-8F1B-8B87875B4460}
		{FC1F794F-C7F5-411C-B0B7-B0CE05B8A338} = {89247DDA-31ED-436F-8F1B-8B87875B4460}
		{5D3F82E3-511E-496A-A72F-F6540CF3A6CC} = {013FBB0C-13BC-47F9-8B6B-873BC3FF9195}
		{38494EA6-C86C-4877-9C83-CF8A2497D5D1} = {013FBB0C-13BC-47F9-8B6B-873BC3FF9195}
		{9AE27237-4217-4F25-96D5-0635EC63AF17} = {7E168389-F0CF-49E1-810E-CE8DF02A3C94}
		{B380DE8F-D80B-4BEA-BC6F-1979C40E144E} = {89247DDA-31ED-436F-8F1B-8B87875B4460}
		{19BAC89A-C059-407E-A125-E3CFEA904E0E} = {89247DDA-31ED-436F-8F1B-8B87875B4460}
		{FE6D870B-53DA-4A4A-8BCC-6074A03A758C} = {0E6A9F74-EBA0-46A0-8062-5380564ED640}
		{8BC51DFF-3EE3-446D-95C6-0B33A8F21705} = {0E6A9F74-EBA0-46A0-8062-5380564ED640}
	EndGlobalSection
EndGlobal
