
Microsoft Visual Studio Solution File, Format Version 11.00
# Visual Studio 2010
Project("{FAE04EC0-301F-11D3-BF4B-00C04F79EFBC}") = "UnitWrappers.NET35", "UnitWrappers\UnitWrappers.NET35.csproj", "{B8DEECE0-6074-47C2-9AF4-123EE324D212}"
EndProject
Project("{FAE04EC0-301F-11D3-BF4B-00C04F79EFBC}") = "UnitWrappers.Tests", "UnitWrappers.Tests\UnitWrappers.Tests.csproj", "{977D8BEB-334E-4938-BAE0-CB75698B1255}"
EndProject
Project("{FAE04EC0-301F-11D3-BF4B-00C04F79EFBC}") = "UnitWrappers.Samples", "UnitWrappers.Samples\UnitWrappers.Samples.csproj", "{B2CCB1C8-04C8-4D64-B415-70CD5811FF9D}"
EndProject
Project("{2150E333-8FDC-42A3-9474-1A3956D46DE8}") = "Solution Items", "Solution Items", "{E50B9CA0-7AE3-4DBE-9C22-6459DFB0A5E1}"
	ProjectSection(SolutionItems) = preProject
		README = README
	EndProjectSection
EndProject
Project("{FAE04EC0-301F-11D3-BF4B-00C04F79EFBC}") = "UnitWrappers.CoverageCalculator", "UnitWrappers.CoverageCalculator\UnitWrappers.CoverageCalculator.csproj", "{6C2A3342-5819-4B49-AD1B-1CE677487281}"
EndProject
Project("{FAE04EC0-301F-11D3-BF4B-00C04F79EFBC}") = "UnitWrappers.NET40", "UnitWrappers\UnitWrappers.NET40.csproj", "{A00B02B8-6875-45D4-910A-0D7C1F0A2311}"
EndProject
Project("{FAE04EC0-301F-11D3-BF4B-00C04F79EFBC}") = "UnitWrappers.Converter", "UnitWrappers.Converter\UnitWrappers.Converter.csproj", "{D482FFEF-D41B-4366-933D-69C18C45DC75}"
EndProject
Project("{FAE04EC0-301F-11D3-BF4B-00C04F79EFBC}") = "WPFWrappers.NET35", "WPFWrappers\WPFWrappers.NET35.csproj", "{1C5FB667-50DF-49AF-8314-25F418E45448}"
EndProject
Global
	GlobalSection(SolutionConfigurationPlatforms) = preSolution
		Debug|Any CPU = Debug|Any CPU
		Debug|Mixed Platforms = Debug|Mixed Platforms
		Debug|x86 = Debug|x86
		Release|Any CPU = Release|Any CPU
		Release|Mixed Platforms = Release|Mixed Platforms
		Release|x86 = Release|x86
	EndGlobalSection
	GlobalSection(ProjectConfigurationPlatforms) = postSolution
		{B8DEECE0-6074-47C2-9AF4-123EE324D212}.Debug|Any CPU.ActiveCfg = Debug|Any CPU
		{B8DEECE0-6074-47C2-9AF4-123EE324D212}.Debug|Any CPU.Build.0 = Debug|Any CPU
		{B8DEECE0-6074-47C2-9AF4-123EE324D212}.Debug|Mixed Platforms.ActiveCfg = Debug|Any CPU
		{B8DEECE0-6074-47C2-9AF4-123EE324D212}.Debug|Mixed Platforms.Build.0 = Debug|Any CPU
		{B8DEECE0-6074-47C2-9AF4-123EE324D212}.Debug|x86.ActiveCfg = Debug|Any CPU
		{B8DEECE0-6074-47C2-9AF4-123EE324D212}.Release|Any CPU.ActiveCfg = Release|Any CPU
		{B8DEECE0-6074-47C2-9AF4-123EE324D212}.Release|Any CPU.Build.0 = Release|Any CPU
		{B8DEECE0-6074-47C2-9AF4-123EE324D212}.Release|Mixed Platforms.ActiveCfg = Release|Any CPU
		{B8DEECE0-6074-47C2-9AF4-123EE324D212}.Release|Mixed Platforms.Build.0 = Release|Any CPU
		{B8DEECE0-6074-47C2-9AF4-123EE324D212}.Release|x86.ActiveCfg = Release|Any CPU
		{977D8BEB-334E-4938-BAE0-CB75698B1255}.Debug|Any CPU.ActiveCfg = Debug|Any CPU
		{977D8BEB-334E-4938-BAE0-CB75698B1255}.Debug|Any CPU.Build.0 = Debug|Any CPU
		{977D8BEB-334E-4938-BAE0-CB75698B1255}.Debug|Mixed Platforms.ActiveCfg = Debug|Any CPU
		{977D8BEB-334E-4938-BAE0-CB75698B1255}.Debug|Mixed Platforms.Build.0 = Debug|Any CPU
		{977D8BEB-334E-4938-BAE0-CB75698B1255}.Debug|x86.ActiveCfg = Debug|Any CPU
		{977D8BEB-334E-4938-BAE0-CB75698B1255}.Release|Any CPU.ActiveCfg = Release|Any CPU
		{977D8BEB-334E-4938-BAE0-CB75698B1255}.Release|Any CPU.Build.0 = Release|Any CPU
		{977D8BEB-334E-4938-BAE0-CB75698B1255}.Release|Mixed Platforms.ActiveCfg = Release|Any CPU
		{977D8BEB-334E-4938-BAE0-CB75698B1255}.Release|Mixed Platforms.Build.0 = Release|Any CPU
		{977D8BEB-334E-4938-BAE0-CB75698B1255}.Release|x86.ActiveCfg = Release|Any CPU
		{B2CCB1C8-04C8-4D64-B415-70CD5811FF9D}.Debug|Any CPU.ActiveCfg = Debug|Any CPU
		{B2CCB1C8-04C8-4D64-B415-70CD5811FF9D}.Debug|Any CPU.Build.0 = Debug|Any CPU
		{B2CCB1C8-04C8-4D64-B415-70CD5811FF9D}.Debug|Mixed Platforms.ActiveCfg = Debug|Any CPU
		{B2CCB1C8-04C8-4D64-B415-70CD5811FF9D}.Debug|Mixed Platforms.Build.0 = Debug|Any CPU
		{B2CCB1C8-04C8-4D64-B415-70CD5811FF9D}.Debug|x86.ActiveCfg = Debug|Any CPU
		{B2CCB1C8-04C8-4D64-B415-70CD5811FF9D}.Release|Any CPU.ActiveCfg = Release|Any CPU
		{B2CCB1C8-04C8-4D64-B415-70CD5811FF9D}.Release|Any CPU.Build.0 = Release|Any CPU
		{B2CCB1C8-04C8-4D64-B415-70CD5811FF9D}.Release|Mixed Platforms.ActiveCfg = Release|Any CPU
		{B2CCB1C8-04C8-4D64-B415-70CD5811FF9D}.Release|Mixed Platforms.Build.0 = Release|Any CPU
		{B2CCB1C8-04C8-4D64-B415-70CD5811FF9D}.Release|x86.ActiveCfg = Release|Any CPU
		{6C2A3342-5819-4B49-AD1B-1CE677487281}.Debug|Any CPU.ActiveCfg = Debug|x86
		{6C2A3342-5819-4B49-AD1B-1CE677487281}.Debug|Mixed Platforms.ActiveCfg = Debug|x86
		{6C2A3342-5819-4B49-AD1B-1CE677487281}.Debug|Mixed Platforms.Build.0 = Debug|x86
		{6C2A3342-5819-4B49-AD1B-1CE677487281}.Debug|x86.ActiveCfg = Debug|x86
		{6C2A3342-5819-4B49-AD1B-1CE677487281}.Debug|x86.Build.0 = Debug|x86
		{6C2A3342-5819-4B49-AD1B-1CE677487281}.Release|Any CPU.ActiveCfg = Release|x86
		{6C2A3342-5819-4B49-AD1B-1CE677487281}.Release|Mixed Platforms.ActiveCfg = Release|x86
		{6C2A3342-5819-4B49-AD1B-1CE677487281}.Release|Mixed Platforms.Build.0 = Release|x86
		{6C2A3342-5819-4B49-AD1B-1CE677487281}.Release|x86.ActiveCfg = Release|x86
		{6C2A3342-5819-4B49-AD1B-1CE677487281}.Release|x86.Build.0 = Release|x86
		{A00B02B8-6875-45D4-910A-0D7C1F0A2311}.Debug|Any CPU.ActiveCfg = Debug|Any CPU
		{A00B02B8-6875-45D4-910A-0D7C1F0A2311}.Debug|Any CPU.Build.0 = Debug|Any CPU
		{A00B02B8-6875-45D4-910A-0D7C1F0A2311}.Debug|Mixed Platforms.ActiveCfg = Debug|Any CPU
		{A00B02B8-6875-45D4-910A-0D7C1F0A2311}.Debug|Mixed Platforms.Build.0 = Debug|Any CPU
		{A00B02B8-6875-45D4-910A-0D7C1F0A2311}.Debug|x86.ActiveCfg = Debug|Any CPU
		{A00B02B8-6875-45D4-910A-0D7C1F0A2311}.Release|Any CPU.ActiveCfg = Release|Any CPU
		{A00B02B8-6875-45D4-910A-0D7C1F0A2311}.Release|Any CPU.Build.0 = Release|Any CPU
		{A00B02B8-6875-45D4-910A-0D7C1F0A2311}.Release|Mixed Platforms.ActiveCfg = Release|Any CPU
		{A00B02B8-6875-45D4-910A-0D7C1F0A2311}.Release|Mixed Platforms.Build.0 = Release|Any CPU
		{A00B02B8-6875-45D4-910A-0D7C1F0A2311}.Release|x86.ActiveCfg = Release|Any CPU
		{D482FFEF-D41B-4366-933D-69C18C45DC75}.Debug|Any CPU.ActiveCfg = Debug|x86
		{D482FFEF-D41B-4366-933D-69C18C45DC75}.Debug|Mixed Platforms.ActiveCfg = Debug|x86
		{D482FFEF-D41B-4366-933D-69C18C45DC75}.Debug|Mixed Platforms.Build.0 = Debug|x86
		{D482FFEF-D41B-4366-933D-69C18C45DC75}.Debug|x86.ActiveCfg = Debug|x86
		{D482FFEF-D41B-4366-933D-69C18C45DC75}.Debug|x86.Build.0 = Debug|x86
		{D482FFEF-D41B-4366-933D-69C18C45DC75}.Release|Any CPU.ActiveCfg = Release|x86
		{D482FFEF-D41B-4366-933D-69C18C45DC75}.Release|Mixed Platforms.ActiveCfg = Release|x86
		{D482FFEF-D41B-4366-933D-69C18C45DC75}.Release|Mixed Platforms.Build.0 = Release|x86
		{D482FFEF-D41B-4366-933D-69C18C45DC75}.Release|x86.ActiveCfg = Release|x86
		{D482FFEF-D41B-4366-933D-69C18C45DC75}.Release|x86.Build.0 = Release|x86
		{1C5FB667-50DF-49AF-8314-25F418E45448}.Debug|Any CPU.ActiveCfg = Debug|Any CPU
		{1C5FB667-50DF-49AF-8314-25F418E45448}.Debug|Any CPU.Build.0 = Debug|Any CPU
		{1C5FB667-50DF-49AF-8314-25F418E45448}.Debug|Mixed Platforms.ActiveCfg = Debug|Any CPU
		{1C5FB667-50DF-49AF-8314-25F418E45448}.Debug|Mixed Platforms.Build.0 = Debug|Any CPU
		{1C5FB667-50DF-49AF-8314-25F418E45448}.Debug|x86.ActiveCfg = Debug|Any CPU
		{1C5FB667-50DF-49AF-8314-25F418E45448}.Release|Any CPU.ActiveCfg = Release|Any CPU
		{1C5FB667-50DF-49AF-8314-25F418E45448}.Release|Any CPU.Build.0 = Release|Any CPU
		{1C5FB667-50DF-49AF-8314-25F418E45448}.Release|Mixed Platforms.ActiveCfg = Release|Any CPU
		{1C5FB667-50DF-49AF-8314-25F418E45448}.Release|Mixed Platforms.Build.0 = Release|Any CPU
		{1C5FB667-50DF-49AF-8314-25F418E45448}.Release|x86.ActiveCfg = Release|Any CPU
	EndGlobalSection
	GlobalSection(SolutionProperties) = preSolution
		HideSolutionNode = FALSE
	EndGlobalSection
	GlobalSection(MonoDevelopProperties) = preSolution
		StartupItem = UnitWrappers\UnitWrappers.NET35.csproj
	EndGlobalSection
EndGlobal
